
Microsoft Visual Studio Solution File, Format Version 12.00
# Visual Studio Version 17
VisualStudioVersion = 17.6.33723.286
MinimumVisualStudioVersion = 10.0.40219.1
Project("{FAE04EC0-301F-11D3-BF4B-00C04F79EFBC}") = "JustCash.Kiosk.Client", "JustCash.Kiosk.Client\JustCash.Kiosk.Client.csproj", "{40ED3B5C-E8FB-4391-8742-8672BEC37369}"
EndProject
Global
	GlobalSection(SolutionConfigurationPlatforms) = preSolution
		Debug|Any CPU = Debug|Any CPU
		Release|Any CPU = Release|Any CPU
	EndGlobalSection
	GlobalSection(ProjectConfigurationPlatforms) = postSolution
		{40ED3B5C-E8FB-4391-8742-8672BEC37369}.Debug|Any CPU.ActiveCfg = Debug|Any CPU
		{40ED3B5C-E8FB-4391-8742-8672BEC37369}.Debug|Any CPU.Build.0 = Debug|Any CPU
		{40ED3B5C-E8FB-4391-8742-8672BEC37369}.Release|Any CPU.ActiveCfg = Release|Any CPU
		{40ED3B5C-E8FB-4391-8742-8672BEC37369}.Release|Any CPU.Build.0 = Release|Any CPU
	EndGlobalSection
	GlobalSection(SolutionProperties) = preSolution
		HideSolutionNode = FALSE
	EndGlobalSection
	GlobalSection(ExtensibilityGlobals) = postSolution
		SolutionGuid = {74FB2AB3-BED0-45C2-9433-81AB95E803A5}
	EndGlobalSection
EndGlobal
